
Microsoft Visual Studio Solution File, Format Version 12.00
# Visual Studio Version 16
VisualStudioVersion = 16.0.30907.101
MinimumVisualStudioVersion = 10.0.40219.1
Project("{FAE04EC0-301F-11D3-BF4B-00C04F79EFBC}") = "WindowsForms LogBook", "WindowsForms LogBook\WindowsForms LogBook.csproj", "{C9D26B69-A54A-4BBC-8712-74E54718B21C}"
EndProject
Global
	GlobalSection(SolutionConfigurationPlatforms) = preSolution
		Debug|Any CPU = Debug|Any CPU
		Release|Any CPU = Release|Any CPU
	EndGlobalSection
	GlobalSection(ProjectConfigurationPlatforms) = postSolution
		{C9D26B69-A54A-4BBC-8712-74E54718B21C}.Debug|Any CPU.ActiveCfg = Debug|Any CPU
		{C9D26B69-A54A-4BBC-8712-74E54718B21C}.Debug|Any CPU.Build.0 = Debug|Any CPU
		{C9D26B69-A54A-4BBC-8712-74E54718B21C}.Release|Any CPU.ActiveCfg = Release|Any CPU
		{C9D26B69-A54A-4BBC-8712-74E54718B21C}.Release|Any CPU.Build.0 = Release|Any CPU
	EndGlobalSection
	GlobalSection(SolutionProperties) = preSolution
		HideSolutionNode = FALSE
	EndGlobalSection
	GlobalSection(ExtensibilityGlobals) = postSolution
		SolutionGuid = {1B427A0E-5F2B-4693-9D45-98321BB360FE}
	EndGlobalSection
EndGlobal
